
Microsoft Visual Studio Solution File, Format Version 12.00
# Visual Studio Version 17
VisualStudioVersion = 17.12.35707.178 d17.12
MinimumVisualStudioVersion = 10.0.40219.1
Project("{FAE04EC0-301F-11D3-BF4B-00C04F79EFBC}") = "Приложение для БД", "Приложение для БД\Приложение для БД.csproj", "{FD0ECC40-FC8C-4CC6-8BBD-D37499A3FD34}"
EndProject
Global
	GlobalSection(SolutionConfigurationPlatforms) = preSolution
		Debug|Any CPU = Debug|Any CPU
		Release|Any CPU = Release|Any CPU
	EndGlobalSection
	GlobalSection(ProjectConfigurationPlatforms) = postSolution
		{FD0ECC40-FC8C-4CC6-8BBD-D37499A3FD34}.Debug|Any CPU.ActiveCfg = Debug|Any CPU
		{FD0ECC40-FC8C-4CC6-8BBD-D37499A3FD34}.Debug|Any CPU.Build.0 = Debug|Any CPU
		{FD0ECC40-FC8C-4CC6-8BBD-D37499A3FD34}.Release|Any CPU.ActiveCfg = Release|Any CPU
		{FD0ECC40-FC8C-4CC6-8BBD-D37499A3FD34}.Release|Any CPU.Build.0 = Release|Any CPU
	EndGlobalSection
	GlobalSection(SolutionProperties) = preSolution
		HideSolutionNode = FALSE
	EndGlobalSection
EndGlobal
